{
  "nodes": {
    "nixpkgs": {
      "locked": {
        "lastModified": 1754832735,
        "narHash": "sha256-O/ZfvgQIXckJj0TLDBpeVDI6N7glgEew/680ujpcuN4=",
        "owner": "nixos",
        "repo": "nixpkgs",
        "rev": "2914d0aaa4fc6d7611adfd65032af4aa00b6ac9b",
        "type": "github"
      },
      "original": {
        "owner": "nixos",
        "repo": "nixpkgs",
        "type": "github"
      }
    },
    "root": {
      "inputs": {
        "nixpkgs": "nixpkgs"
      }
    }
  },
  "root": "root",
  "version": 7
}
