{
  "nodes": {
    "nixpkgs": {
      "locked": {
        "lastModified": 1702406874,
        "narHash": "sha256-/qV5Sb9Lc62e1Afv0iP4oDINW9Ot552MGM9B8o2AE8k=",
        "owner": "nixos",
        "repo": "nixpkgs",
        "rev": "5108e579cbdc7f6603240e31e329cdca77719b8d",
        "type": "github"
      },
      "original": {
        "owner": "nixos",
        "ref": "release-23.11",
        "repo": "nixpkgs",
        "type": "github"
      }
    },
    "root": {
      "inputs": {
        "nixpkgs": "nixpkgs"
      }
    }
  },
  "root": "root",
  "version": 7
}
